
Microsoft Visual Studio Solution File, Format Version 12.00
# Visual Studio Version 16
VisualStudioVersion = 16.0.31702.278
MinimumVisualStudioVersion = 10.0.40219.1
Project("{FAE04EC0-301F-11D3-BF4B-00C04F79EFBC}") = "CreateModel2", "CreateModel2\CreateModel2.csproj", "{6066F69C-64AF-4999-8567-14463D2B89C6}"
EndProject
Global
	GlobalSection(SolutionConfigurationPlatforms) = preSolution
		Debug|Any CPU = Debug|Any CPU
		Release|Any CPU = Release|Any CPU
	EndGlobalSection
	GlobalSection(ProjectConfigurationPlatforms) = postSolution
		{6066F69C-64AF-4999-8567-14463D2B89C6}.Debug|Any CPU.ActiveCfg = Debug|Any CPU
		{6066F69C-64AF-4999-8567-14463D2B89C6}.Debug|Any CPU.Build.0 = Debug|Any CPU
		{6066F69C-64AF-4999-8567-14463D2B89C6}.Release|Any CPU.ActiveCfg = Release|Any CPU
		{6066F69C-64AF-4999-8567-14463D2B89C6}.Release|Any CPU.Build.0 = Release|Any CPU
	EndGlobalSection
	GlobalSection(SolutionProperties) = preSolution
		HideSolutionNode = FALSE
	EndGlobalSection
	GlobalSection(ExtensibilityGlobals) = postSolution
		SolutionGuid = {BA901657-32E7-44C6-82E9-A9ED6F0AF541}
	EndGlobalSection
EndGlobal
